{
    "_readme": [
        "This file locks the dependencies of your project to a known state",
        "Read more about it at https://getcomposer.org/doc/01-basic-usage.md#installing-dependencies",
        "This file is @generated automatically"
    ],
    "content-hash": "70ed283733ac3c390bc3adab3224efbd",
    "packages": [
        {
            "name": "fenix/hangman",
            "version": "v1.2",
            "source": {
                "type": "git",
                "url": "https://github.com/AlekseyKudashkin/hangman.git",
                "reference": "5a48865159030ad9ab330470caf7a274dc5a4e44"
            },
            "dist": {
                "type": "zip",
                "url": "https://api.github.com/repos/AlekseyKudashkin/hangman/zipball/5a48865159030ad9ab330470caf7a274dc5a4e44",
                "reference": "5a48865159030ad9ab330470caf7a274dc5a4e44",
                "shasum": ""
            },
            "require": {
                "wp-cli/php-cli-tools": "^0.11.11"
            },
            "bin": [
                "bin/hangman"
            ],
            "type": "library",
            "autoload": {
                "files": [
                    "src/Controller.php",
                    "src/View.php"
                ]
            },
            "notification-url": "https://packagist.org/downloads/",
            "authors": [
                {
                    "name": "Aleksey Kudashkin",
                    "email": "aleksey1kudashkin@gmail.com"
                }
            ],
            "time": "2020-09-19T07:39:32+00:00"
        },
        {
            "name": "wp-cli/php-cli-tools",
            "version": "v0.11.11",
            "source": {
                "type": "git",
                "url": "https://github.com/wp-cli/php-cli-tools.git",
                "reference": "fe9c7c44a9e1bf2196ec51dc38da0593dbf2993f"
            },
            "dist": {
                "type": "zip",
                "url": "https://api.github.com/repos/wp-cli/php-cli-tools/zipball/fe9c7c44a9e1bf2196ec51dc38da0593dbf2993f",
                "reference": "fe9c7c44a9e1bf2196ec51dc38da0593dbf2993f",
                "shasum": ""
            },
            "require": {
                "php": ">= 5.3.0"
            },
            "type": "library",
            "autoload": {
                "psr-0": {
                    "cli": "lib/"
                },
                "files": [
                    "lib/cli/cli.php"
                ]
            },
            "notification-url": "https://packagist.org/downloads/",
            "license": [
                "MIT"
            ],
            "authors": [
                {
                    "name": "James Logsdon",
                    "email": "jlogsdon@php.net",
                    "role": "Developer"
                },
                {
                    "name": "Daniel Bachhuber",
                    "email": "daniel@handbuilt.co",
                    "role": "Maintainer"
                }
            ],
            "description": "Console utilities for PHP",
            "homepage": "http://github.com/wp-cli/php-cli-tools",
            "keywords": [
                "cli",
                "console"
            ],
            "time": "2018-09-04T13:28:00+00:00"
        }
    ],
    "packages-dev": [],
    "aliases": [],
    "minimum-stability": "stable",
    "stability-flags": [],
    "prefer-stable": false,
    "prefer-lowest": false,
    "platform": [],
    "platform-dev": [],
    "plugin-api-version": "1.1.0"
}
